
Microsoft Visual Studio Solution File, Format Version 12.00
# Visual Studio Version 17
VisualStudioVersion = 17.0.31903.59
MinimumVisualStudioVersion = 10.0.40219.1
Project("{2150E333-8FDC-42A3-9474-1A3956D46DE8}") = "src", "src", "{9955EE7F-B7DF-4AF7-99E1-E17572BFB61D}"
EndProject
Project("{9A19103F-16F7-4668-BE54-9A1E7A4F7556}") = "DotnetDispatcher.Attributes", "src\DotnetDispatcher.Attributes\DotnetDispatcher.Attributes.csproj", "{D729374E-250F-4472-AF37-3579002969EC}"
EndProject
Project("{9A19103F-16F7-4668-BE54-9A1E7A4F7556}") = "DotnetDispatcher.Generator", "src\DotnetDispatcher.Generator\DotnetDispatcher.Generator.csproj", "{623EB4EA-907F-4650-AB13-5F9BE39B6A8C}"
EndProject
Project("{9A19103F-16F7-4668-BE54-9A1E7A4F7556}") = "DotnetDispatcher.Core", "src\DotnetDispatcher.Core\DotnetDispatcher.Core.csproj", "{D5233C43-C155-476C-92FD-436842364008}"
EndProject
Project("{9A19103F-16F7-4668-BE54-9A1E7A4F7556}") = "_build", "build\_build.csproj", "{BF6A64D8-4626-4316-8DC7-1A96B445F0AE}"
EndProject
Project("{2150E333-8FDC-42A3-9474-1A3956D46DE8}") = "test", "test", "{289AEDBE-E0C7-4BAD-96E1-928F794759E1}"
EndProject
Project("{9A19103F-16F7-4668-BE54-9A1E7A4F7556}") = "DotnetDispatcher.Tests", "test\DotnetDispatcher.Tests\DotnetDispatcher.Tests.csproj", "{D8732E0B-60EA-4619-A8E8-8F6E12342780}"
EndProject
Project("{9A19103F-16F7-4668-BE54-9A1E7A4F7556}") = "DotnetDispatcher.Tests.Domain", "test\DotnetDispatcher.Tests.Domain\DotnetDispatcher.Tests.Domain.csproj", "{77813623-9B55-474C-9963-B4855CF0B2A8}"
EndProject
Global
	GlobalSection(SolutionConfigurationPlatforms) = preSolution
		Debug|Any CPU = Debug|Any CPU
		Release|Any CPU = Release|Any CPU
	EndGlobalSection
	GlobalSection(ProjectConfigurationPlatforms) = postSolution
		{D729374E-250F-4472-AF37-3579002969EC}.Debug|Any CPU.ActiveCfg = Debug|Any CPU
		{D729374E-250F-4472-AF37-3579002969EC}.Debug|Any CPU.Build.0 = Debug|Any CPU
		{D729374E-250F-4472-AF37-3579002969EC}.Release|Any CPU.ActiveCfg = Release|Any CPU
		{D729374E-250F-4472-AF37-3579002969EC}.Release|Any CPU.Build.0 = Release|Any CPU
		{623EB4EA-907F-4650-AB13-5F9BE39B6A8C}.Debug|Any CPU.ActiveCfg = Debug|Any CPU
		{623EB4EA-907F-4650-AB13-5F9BE39B6A8C}.Debug|Any CPU.Build.0 = Debug|Any CPU
		{623EB4EA-907F-4650-AB13-5F9BE39B6A8C}.Release|Any CPU.ActiveCfg = Release|Any CPU
		{623EB4EA-907F-4650-AB13-5F9BE39B6A8C}.Release|Any CPU.Build.0 = Release|Any CPU
		{D5233C43-C155-476C-92FD-436842364008}.Debug|Any CPU.ActiveCfg = Debug|Any CPU
		{D5233C43-C155-476C-92FD-436842364008}.Debug|Any CPU.Build.0 = Debug|Any CPU
		{D5233C43-C155-476C-92FD-436842364008}.Release|Any CPU.ActiveCfg = Release|Any CPU
		{D5233C43-C155-476C-92FD-436842364008}.Release|Any CPU.Build.0 = Release|Any CPU
		{BF6A64D8-4626-4316-8DC7-1A96B445F0AE}.Debug|Any CPU.ActiveCfg = Debug|Any CPU
		{BF6A64D8-4626-4316-8DC7-1A96B445F0AE}.Release|Any CPU.ActiveCfg = Release|Any CPU
		{D8732E0B-60EA-4619-A8E8-8F6E12342780}.Debug|Any CPU.ActiveCfg = Debug|Any CPU
		{D8732E0B-60EA-4619-A8E8-8F6E12342780}.Debug|Any CPU.Build.0 = Debug|Any CPU
		{D8732E0B-60EA-4619-A8E8-8F6E12342780}.Release|Any CPU.ActiveCfg = Release|Any CPU
		{D8732E0B-60EA-4619-A8E8-8F6E12342780}.Release|Any CPU.Build.0 = Release|Any CPU
		{77813623-9B55-474C-9963-B4855CF0B2A8}.Debug|Any CPU.ActiveCfg = Debug|Any CPU
		{77813623-9B55-474C-9963-B4855CF0B2A8}.Debug|Any CPU.Build.0 = Debug|Any CPU
		{77813623-9B55-474C-9963-B4855CF0B2A8}.Release|Any CPU.ActiveCfg = Release|Any CPU
		{77813623-9B55-474C-9963-B4855CF0B2A8}.Release|Any CPU.Build.0 = Release|Any CPU
	EndGlobalSection
	GlobalSection(SolutionProperties) = preSolution
		HideSolutionNode = FALSE
	EndGlobalSection
	GlobalSection(NestedProjects) = preSolution
		{D729374E-250F-4472-AF37-3579002969EC} = {9955EE7F-B7DF-4AF7-99E1-E17572BFB61D}
		{623EB4EA-907F-4650-AB13-5F9BE39B6A8C} = {9955EE7F-B7DF-4AF7-99E1-E17572BFB61D}
		{D5233C43-C155-476C-92FD-436842364008} = {9955EE7F-B7DF-4AF7-99E1-E17572BFB61D}
		{D8732E0B-60EA-4619-A8E8-8F6E12342780} = {289AEDBE-E0C7-4BAD-96E1-928F794759E1}
		{77813623-9B55-474C-9963-B4855CF0B2A8} = {289AEDBE-E0C7-4BAD-96E1-928F794759E1}
	EndGlobalSection
	GlobalSection(ExtensibilityGlobals) = postSolution
		SolutionGuid = {6E0F64C3-3952-447D-A919-AD3E464E95C0}
	EndGlobalSection
EndGlobal
